# This file is automatically @generated by Cargo.
# It is not intended for manual editing.
version = 4

[[package]]
name = "aicore"
version = "0.1.0"
dependencies = [
 "aicore-control",
 "aicore-runtime",
]

[[package]]
name = "aicore-auth"
version = "0.1.0"

[[package]]
name = "aicore-cli"
version = "0.1.0"
dependencies = [
 "aicore-contracts",
 "aicore-control",
 "aicore-runtime",
]

[[package]]
name = "aicore-config"
version = "0.1.0"
dependencies = [
 "aicore-auth",
]

[[package]]
name = "aicore-contracts"
version = "0.1.0"
dependencies = [
 "aicore-foundation",
]

[[package]]
name = "aicore-control"
version = "0.1.0"
dependencies = [
 "aicore-auth",
 "aicore-config",
 "aicore-contracts",
 "aicore-foundation",
]

[[package]]
name = "aicore-evolution"
version = "0.1.0"

[[package]]
name = "aicore-foundation"
version = "0.1.0"

[[package]]
name = "aicore-memory"
version = "0.1.0"

[[package]]
name = "aicore-runtime"
version = "0.1.0"
dependencies = [
 "aicore-contracts",
]

[[package]]
name = "aicore-skills"
version = "0.1.0"

[[package]]
name = "aicore-surface"
version = "0.1.0"
dependencies = [
 "aicore-evolution",
 "aicore-memory",
 "aicore-skills",
 "aicore-tools",
]

[[package]]
name = "aicore-tools"
version = "0.1.0"

[[package]]
name = "aicore-tui"
version = "0.1.0"
dependencies = [
 "aicore-control",
 "aicore-runtime",
 "aicore-surface",
]

[[package]]
name = "aicore-workflow"
version = "0.1.0"
